
Microsoft Visual Studio Solution File, Format Version 12.00
# Visual Studio Version 17
VisualStudioVersion = 17.1.32319.34
MinimumVisualStudioVersion = 10.0.40219.1
Project("{8BC9CEB8-8B4A-11D0-8D11-00A0C91BC942}") = "Obj_Program", "Obj_Program\Obj_Program.vcxproj", "{E9F88BAC-90CD-4B18-9BC2-292C4E611ADB}"
EndProject
Project("{8BC9CEB8-8B4A-11D0-8D11-00A0C91BC942}") = "2week_1", "2week\2week.vcxproj", "{518C3E31-AAFD-4519-94CF-FD0BB026E06D}"
EndProject
Project("{8BC9CEB8-8B4A-11D0-8D11-00A0C91BC942}") = "2week_2", "2week_2\2week_2.vcxproj", "{2AC319C7-DA79-4E8C-940A-787CC0BF6317}"
EndProject
Project("{8BC9CEB8-8B4A-11D0-8D11-00A0C91BC942}") = "2week_3", "2week_3\2week_3.vcxproj", "{2B5590C4-E146-43FF-A531-900B5E087B5C}"
EndProject
Project("{8BC9CEB8-8B4A-11D0-8D11-00A0C91BC942}") = "2week_4", "2week_4\2week_4.vcxproj", "{30AAF516-B8C0-4B14-8F8C-A4CBF1260452}"
EndProject
Project("{8BC9CEB8-8B4A-11D0-8D11-00A0C91BC942}") = "2week_5", "2week_5\2week_5.vcxproj", "{A0D3AE5A-D71E-4EF0-8501-68698D5DC63E}"
EndProject
Project("{8BC9CEB8-8B4A-11D0-8D11-00A0C91BC942}") = "2week_6", "2week_6\2week_6.vcxproj", "{B48211A6-FCF6-4090-ACBD-874559B91A1D}"
EndProject
Project("{8BC9CEB8-8B4A-11D0-8D11-00A0C91BC942}") = "2week_7", "2week_7\2week_7.vcxproj", "{3F6638E2-F1CF-497D-9572-0092E831D3E0}"
EndProject
Project("{2150E333-8FDC-42A3-9474-1A3956D46DE8}") = "2week", "2week", "{DD45023A-584A-48D1-A284-741184EB000B}"
EndProject
Project("{2150E333-8FDC-42A3-9474-1A3956D46DE8}") = "3week", "3week", "{2ABFF8CA-33D9-4C41-BEB8-FA6C3E8533B1}"
EndProject
Project("{8BC9CEB8-8B4A-11D0-8D11-00A0C91BC942}") = "3week_1", "3week_1\3week_1.vcxproj", "{4956B9F7-3D1D-4F25-A07B-90CBD28379E1}"
EndProject
Project("{8BC9CEB8-8B4A-11D0-8D11-00A0C91BC942}") = "3week_2", "3week_2\3week_2.vcxproj", "{00968046-C378-4C7D-9BD5-EBE36DC4210A}"
EndProject
Project("{8BC9CEB8-8B4A-11D0-8D11-00A0C91BC942}") = "3week_3", "3week_3\3week_3.vcxproj", "{F9756C1F-F6CA-4AD0-B19E-26CF57C7C1F7}"
EndProject
Project("{8BC9CEB8-8B4A-11D0-8D11-00A0C91BC942}") = "newArr", "newArg\newArg.vcxproj", "{E518F30E-90EB-4BBC-9BCD-D5F28934390B}"
EndProject
Project("{8BC9CEB8-8B4A-11D0-8D11-00A0C91BC942}") = "arr_grade", "arr_grade\arr_grade.vcxproj", "{1DB736BA-7663-4DFF-B4D5-226B928A0BA4}"
EndProject
Global
	GlobalSection(SolutionConfigurationPlatforms) = preSolution
		Debug|x64 = Debug|x64
		Debug|x86 = Debug|x86
		Release|x64 = Release|x64
		Release|x86 = Release|x86
	EndGlobalSection
	GlobalSection(ProjectConfigurationPlatforms) = postSolution
		{E9F88BAC-90CD-4B18-9BC2-292C4E611ADB}.Debug|x64.ActiveCfg = Debug|x64
		{E9F88BAC-90CD-4B18-9BC2-292C4E611ADB}.Debug|x64.Build.0 = Debug|x64
		{E9F88BAC-90CD-4B18-9BC2-292C4E611ADB}.Debug|x86.ActiveCfg = Debug|Win32
		{E9F88BAC-90CD-4B18-9BC2-292C4E611ADB}.Debug|x86.Build.0 = Debug|Win32
		{E9F88BAC-90CD-4B18-9BC2-292C4E611ADB}.Release|x64.ActiveCfg = Release|x64
		{E9F88BAC-90CD-4B18-9BC2-292C4E611ADB}.Release|x64.Build.0 = Release|x64
		{E9F88BAC-90CD-4B18-9BC2-292C4E611ADB}.Release|x86.ActiveCfg = Release|Win32
		{E9F88BAC-90CD-4B18-9BC2-292C4E611ADB}.Release|x86.Build.0 = Release|Win32
		{518C3E31-AAFD-4519-94CF-FD0BB026E06D}.Debug|x64.ActiveCfg = Debug|x64
		{518C3E31-AAFD-4519-94CF-FD0BB026E06D}.Debug|x64.Build.0 = Debug|x64
		{518C3E31-AAFD-4519-94CF-FD0BB026E06D}.Debug|x86.ActiveCfg = Debug|Win32
		{518C3E31-AAFD-4519-94CF-FD0BB026E06D}.Debug|x86.Build.0 = Debug|Win32
		{518C3E31-AAFD-4519-94CF-FD0BB026E06D}.Release|x64.ActiveCfg = Release|x64
		{518C3E31-AAFD-4519-94CF-FD0BB026E06D}.Release|x64.Build.0 = Release|x64
		{518C3E31-AAFD-4519-94CF-FD0BB026E06D}.Release|x86.ActiveCfg = Release|Win32
		{518C3E31-AAFD-4519-94CF-FD0BB026E06D}.Release|x86.Build.0 = Release|Win32
		{2AC319C7-DA79-4E8C-940A-787CC0BF6317}.Debug|x64.ActiveCfg = Debug|x64
		{2AC319C7-DA79-4E8C-940A-787CC0BF6317}.Debug|x64.Build.0 = Debug|x64
		{2AC319C7-DA79-4E8C-940A-787CC0BF6317}.Debug|x86.ActiveCfg = Debug|Win32
		{2AC319C7-DA79-4E8C-940A-787CC0BF6317}.Debug|x86.Build.0 = Debug|Win32
		{2AC319C7-DA79-4E8C-940A-787CC0BF6317}.Release|x64.ActiveCfg = Release|x64
		{2AC319C7-DA79-4E8C-940A-787CC0BF6317}.Release|x64.Build.0 = Release|x64
		{2AC319C7-DA79-4E8C-940A-787CC0BF6317}.Release|x86.ActiveCfg = Release|Win32
		{2AC319C7-DA79-4E8C-940A-787CC0BF6317}.Release|x86.Build.0 = Release|Win32
		{2B5590C4-E146-43FF-A531-900B5E087B5C}.Debug|x64.ActiveCfg = Debug|x64
		{2B5590C4-E146-43FF-A531-900B5E087B5C}.Debug|x64.Build.0 = Debug|x64
		{2B5590C4-E146-43FF-A531-900B5E087B5C}.Debug|x86.ActiveCfg = Debug|Win32
		{2B5590C4-E146-43FF-A531-900B5E087B5C}.Debug|x86.Build.0 = Debug|Win32
		{2B5590C4-E146-43FF-A531-900B5E087B5C}.Release|x64.ActiveCfg = Release|x64
		{2B5590C4-E146-43FF-A531-900B5E087B5C}.Release|x64.Build.0 = Release|x64
		{2B5590C4-E146-43FF-A531-900B5E087B5C}.Release|x86.ActiveCfg = Release|Win32
		{2B5590C4-E146-43FF-A531-900B5E087B5C}.Release|x86.Build.0 = Release|Win32
		{30AAF516-B8C0-4B14-8F8C-A4CBF1260452}.Debug|x64.ActiveCfg = Debug|x64
		{30AAF516-B8C0-4B14-8F8C-A4CBF1260452}.Debug|x64.Build.0 = Debug|x64
		{30AAF516-B8C0-4B14-8F8C-A4CBF1260452}.Debug|x86.ActiveCfg = Debug|Win32
		{30AAF516-B8C0-4B14-8F8C-A4CBF1260452}.Debug|x86.Build.0 = Debug|Win32
		{30AAF516-B8C0-4B14-8F8C-A4CBF1260452}.Release|x64.ActiveCfg = Release|x64
		{30AAF516-B8C0-4B14-8F8C-A4CBF1260452}.Release|x64.Build.0 = Release|x64
		{30AAF516-B8C0-4B14-8F8C-A4CBF1260452}.Release|x86.ActiveCfg = Release|Win32
		{30AAF516-B8C0-4B14-8F8C-A4CBF1260452}.Release|x86.Build.0 = Release|Win32
		{A0D3AE5A-D71E-4EF0-8501-68698D5DC63E}.Debug|x64.ActiveCfg = Debug|x64
		{A0D3AE5A-D71E-4EF0-8501-68698D5DC63E}.Debug|x64.Build.0 = Debug|x64
		{A0D3AE5A-D71E-4EF0-8501-68698D5DC63E}.Debug|x86.ActiveCfg = Debug|Win32
		{A0D3AE5A-D71E-4EF0-8501-68698D5DC63E}.Debug|x86.Build.0 = Debug|Win32
		{A0D3AE5A-D71E-4EF0-8501-68698D5DC63E}.Release|x64.ActiveCfg = Release|x64
		{A0D3AE5A-D71E-4EF0-8501-68698D5DC63E}.Release|x64.Build.0 = Release|x64
		{A0D3AE5A-D71E-4EF0-8501-68698D5DC63E}.Release|x86.ActiveCfg = Release|Win32
		{A0D3AE5A-D71E-4EF0-8501-68698D5DC63E}.Release|x86.Build.0 = Release|Win32
		{B48211A6-FCF6-4090-ACBD-874559B91A1D}.Debug|x64.ActiveCfg = Debug|x64
		{B48211A6-FCF6-4090-ACBD-874559B91A1D}.Debug|x64.Build.0 = Debug|x64
		{B48211A6-FCF6-4090-ACBD-874559B91A1D}.Debug|x86.ActiveCfg = Debug|Win32
		{B48211A6-FCF6-4090-ACBD-874559B91A1D}.Debug|x86.Build.0 = Debug|Win32
		{B48211A6-FCF6-4090-ACBD-874559B91A1D}.Release|x64.ActiveCfg = Release|x64
		{B48211A6-FCF6-4090-ACBD-874559B91A1D}.Release|x64.Build.0 = Release|x64
		{B48211A6-FCF6-4090-ACBD-874559B91A1D}.Release|x86.ActiveCfg = Release|Win32
		{B48211A6-FCF6-4090-ACBD-874559B91A1D}.Release|x86.Build.0 = Release|Win32
		{3F6638E2-F1CF-497D-9572-0092E831D3E0}.Debug|x64.ActiveCfg = Debug|x64
		{3F6638E2-F1CF-497D-9572-0092E831D3E0}.Debug|x64.Build.0 = Debug|x64
		{3F6638E2-F1CF-497D-9572-0092E831D3E0}.Debug|x86.ActiveCfg = Debug|Win32
		{3F6638E2-F1CF-497D-9572-0092E831D3E0}.Debug|x86.Build.0 = Debug|Win32
		{3F6638E2-F1CF-497D-9572-0092E831D3E0}.Release|x64.ActiveCfg = Release|x64
		{3F6638E2-F1CF-497D-9572-0092E831D3E0}.Release|x64.Build.0 = Release|x64
		{3F6638E2-F1CF-497D-9572-0092E831D3E0}.Release|x86.ActiveCfg = Release|Win32
		{3F6638E2-F1CF-497D-9572-0092E831D3E0}.Release|x86.Build.0 = Release|Win32
		{4956B9F7-3D1D-4F25-A07B-90CBD28379E1}.Debug|x64.ActiveCfg = Debug|x64
		{4956B9F7-3D1D-4F25-A07B-90CBD28379E1}.Debug|x64.Build.0 = Debug|x64
		{4956B9F7-3D1D-4F25-A07B-90CBD28379E1}.Debug|x86.ActiveCfg = Debug|Win32
		{4956B9F7-3D1D-4F25-A07B-90CBD28379E1}.Debug|x86.Build.0 = Debug|Win32
		{4956B9F7-3D1D-4F25-A07B-90CBD28379E1}.Release|x64.ActiveCfg = Release|x64
		{4956B9F7-3D1D-4F25-A07B-90CBD28379E1}.Release|x64.Build.0 = Release|x64
		{4956B9F7-3D1D-4F25-A07B-90CBD28379E1}.Release|x86.ActiveCfg = Release|Win32
		{4956B9F7-3D1D-4F25-A07B-90CBD28379E1}.Release|x86.Build.0 = Release|Win32
		{00968046-C378-4C7D-9BD5-EBE36DC4210A}.Debug|x64.ActiveCfg = Debug|x64
		{00968046-C378-4C7D-9BD5-EBE36DC4210A}.Debug|x64.Build.0 = Debug|x64
		{00968046-C378-4C7D-9BD5-EBE36DC4210A}.Debug|x86.ActiveCfg = Debug|Win32
		{00968046-C378-4C7D-9BD5-EBE36DC4210A}.Debug|x86.Build.0 = Debug|Win32
		{00968046-C378-4C7D-9BD5-EBE36DC4210A}.Release|x64.ActiveCfg = Release|x64
		{00968046-C378-4C7D-9BD5-EBE36DC4210A}.Release|x64.Build.0 = Release|x64
		{00968046-C378-4C7D-9BD5-EBE36DC4210A}.Release|x86.ActiveCfg = Release|Win32
		{00968046-C378-4C7D-9BD5-EBE36DC4210A}.Release|x86.Build.0 = Release|Win32
		{F9756C1F-F6CA-4AD0-B19E-26CF57C7C1F7}.Debug|x64.ActiveCfg = Debug|x64
		{F9756C1F-F6CA-4AD0-B19E-26CF57C7C1F7}.Debug|x64.Build.0 = Debug|x64
		{F9756C1F-F6CA-4AD0-B19E-26CF57C7C1F7}.Debug|x86.ActiveCfg = Debug|Win32
		{F9756C1F-F6CA-4AD0-B19E-26CF57C7C1F7}.Debug|x86.Build.0 = Debug|Win32
		{F9756C1F-F6CA-4AD0-B19E-26CF57C7C1F7}.Release|x64.ActiveCfg = Release|x64
		{F9756C1F-F6CA-4AD0-B19E-26CF57C7C1F7}.Release|x64.Build.0 = Release|x64
		{F9756C1F-F6CA-4AD0-B19E-26CF57C7C1F7}.Release|x86.ActiveCfg = Release|Win32
		{F9756C1F-F6CA-4AD0-B19E-26CF57C7C1F7}.Release|x86.Build.0 = Release|Win32
		{E518F30E-90EB-4BBC-9BCD-D5F28934390B}.Debug|x64.ActiveCfg = Debug|x64
		{E518F30E-90EB-4BBC-9BCD-D5F28934390B}.Debug|x64.Build.0 = Debug|x64
		{E518F30E-90EB-4BBC-9BCD-D5F28934390B}.Debug|x86.ActiveCfg = Debug|Win32
		{E518F30E-90EB-4BBC-9BCD-D5F28934390B}.Debug|x86.Build.0 = Debug|Win32
		{E518F30E-90EB-4BBC-9BCD-D5F28934390B}.Release|x64.ActiveCfg = Release|x64
		{E518F30E-90EB-4BBC-9BCD-D5F28934390B}.Release|x64.Build.0 = Release|x64
		{E518F30E-90EB-4BBC-9BCD-D5F28934390B}.Release|x86.ActiveCfg = Release|Win32
		{E518F30E-90EB-4BBC-9BCD-D5F28934390B}.Release|x86.Build.0 = Release|Win32
		{1DB736BA-7663-4DFF-B4D5-226B928A0BA4}.Debug|x64.ActiveCfg = Debug|x64
		{1DB736BA-7663-4DFF-B4D5-226B928A0BA4}.Debug|x64.Build.0 = Debug|x64
		{1DB736BA-7663-4DFF-B4D5-226B928A0BA4}.Debug|x86.ActiveCfg = Debug|Win32
		{1DB736BA-7663-4DFF-B4D5-226B928A0BA4}.Debug|x86.Build.0 = Debug|Win32
		{1DB736BA-7663-4DFF-B4D5-226B928A0BA4}.Release|x64.ActiveCfg = Release|x64
		{1DB736BA-7663-4DFF-B4D5-226B928A0BA4}.Release|x64.Build.0 = Release|x64
		{1DB736BA-7663-4DFF-B4D5-226B928A0BA4}.Release|x86.ActiveCfg = Release|Win32
		{1DB736BA-7663-4DFF-B4D5-226B928A0BA4}.Release|x86.Build.0 = Release|Win32
	EndGlobalSection
	GlobalSection(SolutionProperties) = preSolution
		HideSolutionNode = FALSE
	EndGlobalSection
	GlobalSection(NestedProjects) = preSolution
		{518C3E31-AAFD-4519-94CF-FD0BB026E06D} = {DD45023A-584A-48D1-A284-741184EB000B}
		{2AC319C7-DA79-4E8C-940A-787CC0BF6317} = {DD45023A-584A-48D1-A284-741184EB000B}
		{2B5590C4-E146-43FF-A531-900B5E087B5C} = {DD45023A-584A-48D1-A284-741184EB000B}
		{30AAF516-B8C0-4B14-8F8C-A4CBF1260452} = {DD45023A-584A-48D1-A284-741184EB000B}
		{A0D3AE5A-D71E-4EF0-8501-68698D5DC63E} = {DD45023A-584A-48D1-A284-741184EB000B}
		{B48211A6-FCF6-4090-ACBD-874559B91A1D} = {DD45023A-584A-48D1-A284-741184EB000B}
		{3F6638E2-F1CF-497D-9572-0092E831D3E0} = {DD45023A-584A-48D1-A284-741184EB000B}
		{4956B9F7-3D1D-4F25-A07B-90CBD28379E1} = {2ABFF8CA-33D9-4C41-BEB8-FA6C3E8533B1}
		{00968046-C378-4C7D-9BD5-EBE36DC4210A} = {2ABFF8CA-33D9-4C41-BEB8-FA6C3E8533B1}
	EndGlobalSection
	GlobalSection(ExtensibilityGlobals) = postSolution
		SolutionGuid = {C60FD621-117F-4A45-9F86-5F669D669743}
	EndGlobalSection
EndGlobal
